
Microsoft Visual Studio Solution File, Format Version 12.00
# Visual Studio 15
VisualStudioVersion = 15.0.28307.489
MinimumVisualStudioVersion = 10.0.40219.1
Project("{FAE04EC0-301F-11D3-BF4B-00C04F79EFBC}") = "BackendGleb", "BackendGleb\BackendGleb.csproj", "{AE0E602C-DEA9-493C-BF2F-672BA89E1517}"
EndProject
Global
	GlobalSection(SolutionConfigurationPlatforms) = preSolution
		Debug|Any CPU = Debug|Any CPU
		Release|Any CPU = Release|Any CPU
	EndGlobalSection
	GlobalSection(ProjectConfigurationPlatforms) = postSolution
		{AE0E602C-DEA9-493C-BF2F-672BA89E1517}.Debug|Any CPU.ActiveCfg = Debug|Any CPU
		{AE0E602C-DEA9-493C-BF2F-672BA89E1517}.Debug|Any CPU.Build.0 = Debug|Any CPU
		{AE0E602C-DEA9-493C-BF2F-672BA89E1517}.Release|Any CPU.ActiveCfg = Release|Any CPU
		{AE0E602C-DEA9-493C-BF2F-672BA89E1517}.Release|Any CPU.Build.0 = Release|Any CPU
	EndGlobalSection
	GlobalSection(SolutionProperties) = preSolution
		HideSolutionNode = FALSE
	EndGlobalSection
	GlobalSection(ExtensibilityGlobals) = postSolution
		SolutionGuid = {8DE7B6EB-520E-4691-B0D2-861F27C85919}
	EndGlobalSection
EndGlobal
